
Microsoft Visual Studio Solution File, Format Version 12.00
# Visual Studio Version 17
VisualStudioVersion = 17.14.36616.10 d17.14
MinimumVisualStudioVersion = 10.0.40219.1
Project("{FAE04EC0-301F-11D3-BF4B-00C04F79EFBC}") = "Ex01", "Ex01\Ex01.csproj", "{EAC9A5B7-127B-4D93-94DF-9AE3458F11D2}"
EndProject
Project("{FAE04EC0-301F-11D3-BF4B-00C04F79EFBC}") = "Ex02", "Ex02\Ex02.csproj", "{5E71F093-7D67-4367-AF66-D8636E12C4A0}"
EndProject
Project("{FAE04EC0-301F-11D3-BF4B-00C04F79EFBC}") = "Ex03", "Ex03\Ex03.csproj", "{EABA4BBB-08AA-427C-A620-53AE56215A99}"
EndProject
Project("{FAE04EC0-301F-11D3-BF4B-00C04F79EFBC}") = "Ex04", "Ex04\Ex04.csproj", "{5C4164BF-02D3-4B6F-A37C-728C347FB18F}"
EndProject
Project("{FAE04EC0-301F-11D3-BF4B-00C04F79EFBC}") = "Ex05", "Ex05\Ex05.csproj", "{43FA8C65-2A20-41DC-B231-7885104B1DF2}"
EndProject
Project("{FAE04EC0-301F-11D3-BF4B-00C04F79EFBC}") = "Ex06", "Ex06\Ex06.csproj", "{758CAB06-ACC2-4D1A-9CAF-343D98E54939}"
EndProject
Project("{FAE04EC0-301F-11D3-BF4B-00C04F79EFBC}") = "Ex07", "Ex07\Ex07.csproj", "{0FD3C4A4-8071-4FE9-9016-59F329DBEF23}"
EndProject
Project("{FAE04EC0-301F-11D3-BF4B-00C04F79EFBC}") = "Ex08", "Ex08\Ex08.csproj", "{B63B5784-4FF0-4D97-A287-5E0042BCD5D7}"
EndProject
Project("{FAE04EC0-301F-11D3-BF4B-00C04F79EFBC}") = "Ex09", "Ex09\Ex09.csproj", "{5563D09B-8758-4B7F-95EE-FD4A30A786E9}"
EndProject
Project("{FAE04EC0-301F-11D3-BF4B-00C04F79EFBC}") = "Ex10", "Ex10\Ex10.csproj", "{2A1E0600-B24E-4524-A1E6-04C8A1F9D0E4}"
EndProject
Project("{FAE04EC0-301F-11D3-BF4B-00C04F79EFBC}") = "Ex15", "Ex15\Ex15.csproj", "{8378D537-D5BA-4626-B651-80AD6A55FEA4}"
EndProject
Global
	GlobalSection(SolutionConfigurationPlatforms) = preSolution
		Debug|Any CPU = Debug|Any CPU
		Release|Any CPU = Release|Any CPU
	EndGlobalSection
	GlobalSection(ProjectConfigurationPlatforms) = postSolution
		{EAC9A5B7-127B-4D93-94DF-9AE3458F11D2}.Debug|Any CPU.ActiveCfg = Debug|Any CPU
		{EAC9A5B7-127B-4D93-94DF-9AE3458F11D2}.Debug|Any CPU.Build.0 = Debug|Any CPU
		{EAC9A5B7-127B-4D93-94DF-9AE3458F11D2}.Release|Any CPU.ActiveCfg = Release|Any CPU
		{EAC9A5B7-127B-4D93-94DF-9AE3458F11D2}.Release|Any CPU.Build.0 = Release|Any CPU
		{5E71F093-7D67-4367-AF66-D8636E12C4A0}.Debug|Any CPU.ActiveCfg = Debug|Any CPU
		{5E71F093-7D67-4367-AF66-D8636E12C4A0}.Debug|Any CPU.Build.0 = Debug|Any CPU
		{5E71F093-7D67-4367-AF66-D8636E12C4A0}.Release|Any CPU.ActiveCfg = Release|Any CPU
		{5E71F093-7D67-4367-AF66-D8636E12C4A0}.Release|Any CPU.Build.0 = Release|Any CPU
		{EABA4BBB-08AA-427C-A620-53AE56215A99}.Debug|Any CPU.ActiveCfg = Debug|Any CPU
		{EABA4BBB-08AA-427C-A620-53AE56215A99}.Debug|Any CPU.Build.0 = Debug|Any CPU
		{EABA4BBB-08AA-427C-A620-53AE56215A99}.Release|Any CPU.ActiveCfg = Release|Any CPU
		{EABA4BBB-08AA-427C-A620-53AE56215A99}.Release|Any CPU.Build.0 = Release|Any CPU
		{5C4164BF-02D3-4B6F-A37C-728C347FB18F}.Debug|Any CPU.ActiveCfg = Debug|Any CPU
		{5C4164BF-02D3-4B6F-A37C-728C347FB18F}.Debug|Any CPU.Build.0 = Debug|Any CPU
		{5C4164BF-02D3-4B6F-A37C-728C347FB18F}.Release|Any CPU.ActiveCfg = Release|Any CPU
		{5C4164BF-02D3-4B6F-A37C-728C347FB18F}.Release|Any CPU.Build.0 = Release|Any CPU
		{43FA8C65-2A20-41DC-B231-7885104B1DF2}.Debug|Any CPU.ActiveCfg = Debug|Any CPU
		{43FA8C65-2A20-41DC-B231-7885104B1DF2}.Debug|Any CPU.Build.0 = Debug|Any CPU
		{43FA8C65-2A20-41DC-B231-7885104B1DF2}.Release|Any CPU.ActiveCfg = Release|Any CPU
		{43FA8C65-2A20-41DC-B231-7885104B1DF2}.Release|Any CPU.Build.0 = Release|Any CPU
		{758CAB06-ACC2-4D1A-9CAF-343D98E54939}.Debug|Any CPU.ActiveCfg = Debug|Any CPU
		{758CAB06-ACC2-4D1A-9CAF-343D98E54939}.Debug|Any CPU.Build.0 = Debug|Any CPU
		{758CAB06-ACC2-4D1A-9CAF-343D98E54939}.Release|Any CPU.ActiveCfg = Release|Any CPU
		{758CAB06-ACC2-4D1A-9CAF-343D98E54939}.Release|Any CPU.Build.0 = Release|Any CPU
		{0FD3C4A4-8071-4FE9-9016-59F329DBEF23}.Debug|Any CPU.ActiveCfg = Debug|Any CPU
		{0FD3C4A4-8071-4FE9-9016-59F329DBEF23}.Debug|Any CPU.Build.0 = Debug|Any CPU
		{0FD3C4A4-8071-4FE9-9016-59F329DBEF23}.Release|Any CPU.ActiveCfg = Release|Any CPU
		{0FD3C4A4-8071-4FE9-9016-59F329DBEF23}.Release|Any CPU.Build.0 = Release|Any CPU
		{B63B5784-4FF0-4D97-A287-5E0042BCD5D7}.Debug|Any CPU.ActiveCfg = Debug|Any CPU
		{B63B5784-4FF0-4D97-A287-5E0042BCD5D7}.Debug|Any CPU.Build.0 = Debug|Any CPU
		{B63B5784-4FF0-4D97-A287-5E0042BCD5D7}.Release|Any CPU.ActiveCfg = Release|Any CPU
		{B63B5784-4FF0-4D97-A287-5E0042BCD5D7}.Release|Any CPU.Build.0 = Release|Any CPU
		{5563D09B-8758-4B7F-95EE-FD4A30A786E9}.Debug|Any CPU.ActiveCfg = Debug|Any CPU
		{5563D09B-8758-4B7F-95EE-FD4A30A786E9}.Debug|Any CPU.Build.0 = Debug|Any CPU
		{5563D09B-8758-4B7F-95EE-FD4A30A786E9}.Release|Any CPU.ActiveCfg = Release|Any CPU
		{5563D09B-8758-4B7F-95EE-FD4A30A786E9}.Release|Any CPU.Build.0 = Release|Any CPU
		{2A1E0600-B24E-4524-A1E6-04C8A1F9D0E4}.Debug|Any CPU.ActiveCfg = Debug|Any CPU
		{2A1E0600-B24E-4524-A1E6-04C8A1F9D0E4}.Debug|Any CPU.Build.0 = Debug|Any CPU
		{2A1E0600-B24E-4524-A1E6-04C8A1F9D0E4}.Release|Any CPU.ActiveCfg = Release|Any CPU
		{2A1E0600-B24E-4524-A1E6-04C8A1F9D0E4}.Release|Any CPU.Build.0 = Release|Any CPU
		{8378D537-D5BA-4626-B651-80AD6A55FEA4}.Debug|Any CPU.ActiveCfg = Debug|Any CPU
		{8378D537-D5BA-4626-B651-80AD6A55FEA4}.Debug|Any CPU.Build.0 = Debug|Any CPU
		{8378D537-D5BA-4626-B651-80AD6A55FEA4}.Release|Any CPU.ActiveCfg = Release|Any CPU
		{8378D537-D5BA-4626-B651-80AD6A55FEA4}.Release|Any CPU.Build.0 = Release|Any CPU
	EndGlobalSection
	GlobalSection(SolutionProperties) = preSolution
		HideSolutionNode = FALSE
	EndGlobalSection
	GlobalSection(ExtensibilityGlobals) = postSolution
		SolutionGuid = {DEB3A2E2-AB74-44AA-8790-4E9631040BD3}
	EndGlobalSection
EndGlobal
