
Microsoft Visual Studio Solution File, Format Version 12.00
# Visual Studio Version 18
VisualStudioVersion = 18.0.11205.157
MinimumVisualStudioVersion = 10.0.40219.1
Project("{FAE04EC0-301F-11D3-BF4B-00C04F79EFBC}") = "Ex01", "Ex01\Ex01.csproj", "{D3847206-7C65-4B75-AD35-1F96C8B71D64}"
EndProject
Project("{FAE04EC0-301F-11D3-BF4B-00C04F79EFBC}") = "Ex02a", "Ex02a\Ex02a.csproj", "{9057F290-E4C2-4CAC-8BF4-C9A9A74C33CC}"
EndProject
Project("{FAE04EC0-301F-11D3-BF4B-00C04F79EFBC}") = "Ex02b", "Ex02b\Ex02b.csproj", "{3FE07FA9-61BB-4545-A08A-7A69B86B9751}"
EndProject
Project("{FAE04EC0-301F-11D3-BF4B-00C04F79EFBC}") = "Ex03a", "Ex03a\Ex03a.csproj", "{0F06FA9C-703D-4672-95E9-18086CFB2C67}"
EndProject
Project("{FAE04EC0-301F-11D3-BF4B-00C04F79EFBC}") = "Ex03b", "Ex03b\Ex03b.csproj", "{0C09D78B-2942-4736-8DDE-91BB177841FB}"
EndProject
Project("{FAE04EC0-301F-11D3-BF4B-00C04F79EFBC}") = "Ex04", "Ex04\Ex04.csproj", "{0ECA06DB-CDA2-4296-BD40-0C17A153AB09}"
EndProject
Project("{FAE04EC0-301F-11D3-BF4B-00C04F79EFBC}") = "Ex05b", "Ex05b\Ex05b.csproj", "{6833B313-3777-4B45-8144-3F9FDFFF6AF5}"
EndProject
Project("{FAE04EC0-301F-11D3-BF4B-00C04F79EFBC}") = "Ex05c", "Ex05c\Ex05c.csproj", "{2281C6F0-731D-499A-9C1D-A6CF8B93D3FE}"
EndProject
Project("{FAE04EC0-301F-11D3-BF4B-00C04F79EFBC}") = "Ex05d", "Ex05d\Ex05d.csproj", "{1261B93F-3C19-40B5-992A-F63C68EE7B5D}"
EndProject
Project("{FAE04EC0-301F-11D3-BF4B-00C04F79EFBC}") = "Ex06a", "Ex06a\Ex06a.csproj", "{95DBC9BE-61CA-42C7-8E22-AF71CDE159B0}"
EndProject
Project("{FAE04EC0-301F-11D3-BF4B-00C04F79EFBC}") = "Ex05a", "Ex05a\Ex05a.csproj", "{E345B191-1CED-424A-B4CF-1492A604F87E}"
EndProject
Project("{FAE04EC0-301F-11D3-BF4B-00C04F79EFBC}") = "Ex06b", "Ex06b\Ex06b.csproj", "{A15CF476-9561-4E82-ABE3-9E6F9C60BD3F}"
EndProject
Project("{FAE04EC0-301F-11D3-BF4B-00C04F79EFBC}") = "Ex06c", "Ex06c\Ex06c.csproj", "{E3A0F172-95F3-48BD-BAFE-36F698E58F4A}"
EndProject
Project("{FAE04EC0-301F-11D3-BF4B-00C04F79EFBC}") = "Ex06d", "Ex06d\Ex06d.csproj", "{51341B23-D38A-4E9E-86BE-2A54ACADE486}"
EndProject
Project("{FAE04EC0-301F-11D3-BF4B-00C04F79EFBC}") = "Ex06e", "Ex06e\Ex06e.csproj", "{B4DB93D1-0C3A-469B-AF3A-E7A75E602FC5}"
EndProject
Project("{FAE04EC0-301F-11D3-BF4B-00C04F79EFBC}") = "Ex07", "Ex07\Ex07.csproj", "{74F559AC-4DBA-4FF8-A26D-B56F4C6D8C7F}"
EndProject
Project("{FAE04EC0-301F-11D3-BF4B-00C04F79EFBC}") = "Ex08", "Ex08\Ex08.csproj", "{B813D244-3402-429C-AF56-F7732140FAE3}"
EndProject
Global
	GlobalSection(SolutionConfigurationPlatforms) = preSolution
		Debug|Any CPU = Debug|Any CPU
		Release|Any CPU = Release|Any CPU
	EndGlobalSection
	GlobalSection(ProjectConfigurationPlatforms) = postSolution
		{D3847206-7C65-4B75-AD35-1F96C8B71D64}.Debug|Any CPU.ActiveCfg = Debug|Any CPU
		{D3847206-7C65-4B75-AD35-1F96C8B71D64}.Debug|Any CPU.Build.0 = Debug|Any CPU
		{D3847206-7C65-4B75-AD35-1F96C8B71D64}.Release|Any CPU.ActiveCfg = Release|Any CPU
		{D3847206-7C65-4B75-AD35-1F96C8B71D64}.Release|Any CPU.Build.0 = Release|Any CPU
		{9057F290-E4C2-4CAC-8BF4-C9A9A74C33CC}.Debug|Any CPU.ActiveCfg = Debug|Any CPU
		{9057F290-E4C2-4CAC-8BF4-C9A9A74C33CC}.Debug|Any CPU.Build.0 = Debug|Any CPU
		{9057F290-E4C2-4CAC-8BF4-C9A9A74C33CC}.Release|Any CPU.ActiveCfg = Release|Any CPU
		{9057F290-E4C2-4CAC-8BF4-C9A9A74C33CC}.Release|Any CPU.Build.0 = Release|Any CPU
		{3FE07FA9-61BB-4545-A08A-7A69B86B9751}.Debug|Any CPU.ActiveCfg = Debug|Any CPU
		{3FE07FA9-61BB-4545-A08A-7A69B86B9751}.Debug|Any CPU.Build.0 = Debug|Any CPU
		{3FE07FA9-61BB-4545-A08A-7A69B86B9751}.Release|Any CPU.ActiveCfg = Release|Any CPU
		{3FE07FA9-61BB-4545-A08A-7A69B86B9751}.Release|Any CPU.Build.0 = Release|Any CPU
		{0F06FA9C-703D-4672-95E9-18086CFB2C67}.Debug|Any CPU.ActiveCfg = Debug|Any CPU
		{0F06FA9C-703D-4672-95E9-18086CFB2C67}.Debug|Any CPU.Build.0 = Debug|Any CPU
		{0F06FA9C-703D-4672-95E9-18086CFB2C67}.Release|Any CPU.ActiveCfg = Release|Any CPU
		{0F06FA9C-703D-4672-95E9-18086CFB2C67}.Release|Any CPU.Build.0 = Release|Any CPU
		{0C09D78B-2942-4736-8DDE-91BB177841FB}.Debug|Any CPU.ActiveCfg = Debug|Any CPU
		{0C09D78B-2942-4736-8DDE-91BB177841FB}.Debug|Any CPU.Build.0 = Debug|Any CPU
		{0C09D78B-2942-4736-8DDE-91BB177841FB}.Release|Any CPU.ActiveCfg = Release|Any CPU
		{0C09D78B-2942-4736-8DDE-91BB177841FB}.Release|Any CPU.Build.0 = Release|Any CPU
		{0ECA06DB-CDA2-4296-BD40-0C17A153AB09}.Debug|Any CPU.ActiveCfg = Debug|Any CPU
		{0ECA06DB-CDA2-4296-BD40-0C17A153AB09}.Debug|Any CPU.Build.0 = Debug|Any CPU
		{0ECA06DB-CDA2-4296-BD40-0C17A153AB09}.Release|Any CPU.ActiveCfg = Release|Any CPU
		{0ECA06DB-CDA2-4296-BD40-0C17A153AB09}.Release|Any CPU.Build.0 = Release|Any CPU
		{6833B313-3777-4B45-8144-3F9FDFFF6AF5}.Debug|Any CPU.ActiveCfg = Debug|Any CPU
		{6833B313-3777-4B45-8144-3F9FDFFF6AF5}.Debug|Any CPU.Build.0 = Debug|Any CPU
		{6833B313-3777-4B45-8144-3F9FDFFF6AF5}.Release|Any CPU.ActiveCfg = Release|Any CPU
		{6833B313-3777-4B45-8144-3F9FDFFF6AF5}.Release|Any CPU.Build.0 = Release|Any CPU
		{2281C6F0-731D-499A-9C1D-A6CF8B93D3FE}.Debug|Any CPU.ActiveCfg = Debug|Any CPU
		{2281C6F0-731D-499A-9C1D-A6CF8B93D3FE}.Debug|Any CPU.Build.0 = Debug|Any CPU
		{2281C6F0-731D-499A-9C1D-A6CF8B93D3FE}.Release|Any CPU.ActiveCfg = Release|Any CPU
		{2281C6F0-731D-499A-9C1D-A6CF8B93D3FE}.Release|Any CPU.Build.0 = Release|Any CPU
		{1261B93F-3C19-40B5-992A-F63C68EE7B5D}.Debug|Any CPU.ActiveCfg = Debug|Any CPU
		{1261B93F-3C19-40B5-992A-F63C68EE7B5D}.Debug|Any CPU.Build.0 = Debug|Any CPU
		{1261B93F-3C19-40B5-992A-F63C68EE7B5D}.Release|Any CPU.ActiveCfg = Release|Any CPU
		{1261B93F-3C19-40B5-992A-F63C68EE7B5D}.Release|Any CPU.Build.0 = Release|Any CPU
		{95DBC9BE-61CA-42C7-8E22-AF71CDE159B0}.Debug|Any CPU.ActiveCfg = Debug|Any CPU
		{95DBC9BE-61CA-42C7-8E22-AF71CDE159B0}.Debug|Any CPU.Build.0 = Debug|Any CPU
		{95DBC9BE-61CA-42C7-8E22-AF71CDE159B0}.Release|Any CPU.ActiveCfg = Release|Any CPU
		{95DBC9BE-61CA-42C7-8E22-AF71CDE159B0}.Release|Any CPU.Build.0 = Release|Any CPU
		{E345B191-1CED-424A-B4CF-1492A604F87E}.Debug|Any CPU.ActiveCfg = Debug|Any CPU
		{E345B191-1CED-424A-B4CF-1492A604F87E}.Debug|Any CPU.Build.0 = Debug|Any CPU
		{E345B191-1CED-424A-B4CF-1492A604F87E}.Release|Any CPU.ActiveCfg = Release|Any CPU
		{E345B191-1CED-424A-B4CF-1492A604F87E}.Release|Any CPU.Build.0 = Release|Any CPU
		{A15CF476-9561-4E82-ABE3-9E6F9C60BD3F}.Debug|Any CPU.ActiveCfg = Debug|Any CPU
		{A15CF476-9561-4E82-ABE3-9E6F9C60BD3F}.Debug|Any CPU.Build.0 = Debug|Any CPU
		{A15CF476-9561-4E82-ABE3-9E6F9C60BD3F}.Release|Any CPU.ActiveCfg = Release|Any CPU
		{A15CF476-9561-4E82-ABE3-9E6F9C60BD3F}.Release|Any CPU.Build.0 = Release|Any CPU
		{E3A0F172-95F3-48BD-BAFE-36F698E58F4A}.Debug|Any CPU.ActiveCfg = Debug|Any CPU
		{E3A0F172-95F3-48BD-BAFE-36F698E58F4A}.Debug|Any CPU.Build.0 = Debug|Any CPU
		{E3A0F172-95F3-48BD-BAFE-36F698E58F4A}.Release|Any CPU.ActiveCfg = Release|Any CPU
		{E3A0F172-95F3-48BD-BAFE-36F698E58F4A}.Release|Any CPU.Build.0 = Release|Any CPU
		{51341B23-D38A-4E9E-86BE-2A54ACADE486}.Debug|Any CPU.ActiveCfg = Debug|Any CPU
		{51341B23-D38A-4E9E-86BE-2A54ACADE486}.Debug|Any CPU.Build.0 = Debug|Any CPU
		{51341B23-D38A-4E9E-86BE-2A54ACADE486}.Release|Any CPU.ActiveCfg = Release|Any CPU
		{51341B23-D38A-4E9E-86BE-2A54ACADE486}.Release|Any CPU.Build.0 = Release|Any CPU
		{B4DB93D1-0C3A-469B-AF3A-E7A75E602FC5}.Debug|Any CPU.ActiveCfg = Debug|Any CPU
		{B4DB93D1-0C3A-469B-AF3A-E7A75E602FC5}.Debug|Any CPU.Build.0 = Debug|Any CPU
		{B4DB93D1-0C3A-469B-AF3A-E7A75E602FC5}.Release|Any CPU.ActiveCfg = Release|Any CPU
		{B4DB93D1-0C3A-469B-AF3A-E7A75E602FC5}.Release|Any CPU.Build.0 = Release|Any CPU
		{74F559AC-4DBA-4FF8-A26D-B56F4C6D8C7F}.Debug|Any CPU.ActiveCfg = Debug|Any CPU
		{74F559AC-4DBA-4FF8-A26D-B56F4C6D8C7F}.Debug|Any CPU.Build.0 = Debug|Any CPU
		{74F559AC-4DBA-4FF8-A26D-B56F4C6D8C7F}.Release|Any CPU.ActiveCfg = Release|Any CPU
		{74F559AC-4DBA-4FF8-A26D-B56F4C6D8C7F}.Release|Any CPU.Build.0 = Release|Any CPU
		{B813D244-3402-429C-AF56-F7732140FAE3}.Debug|Any CPU.ActiveCfg = Debug|Any CPU
		{B813D244-3402-429C-AF56-F7732140FAE3}.Debug|Any CPU.Build.0 = Debug|Any CPU
		{B813D244-3402-429C-AF56-F7732140FAE3}.Release|Any CPU.ActiveCfg = Release|Any CPU
		{B813D244-3402-429C-AF56-F7732140FAE3}.Release|Any CPU.Build.0 = Release|Any CPU
	EndGlobalSection
	GlobalSection(SolutionProperties) = preSolution
		HideSolutionNode = FALSE
	EndGlobalSection
	GlobalSection(ExtensibilityGlobals) = postSolution
		SolutionGuid = {771CC540-959D-4BB4-89B7-611C2F971D8A}
	EndGlobalSection
EndGlobal
