
Microsoft Visual Studio Solution File, Format Version 12.00
# Visual Studio Version 17
VisualStudioVersion = 17.14.36429.23
MinimumVisualStudioVersion = 10.0.40219.1
Project("{FAE04EC0-301F-11D3-BF4B-00C04F79EFBC}") = "Ex01", "Ex01\Ex01.csproj", "{0D415FC0-112F-4113-8EC3-C104AB7E802D}"
EndProject
Project("{FAE04EC0-301F-11D3-BF4B-00C04F79EFBC}") = "Ex02", "Ex02\Ex02.csproj", "{2322B353-F952-462F-B46A-41D40DCC07EE}"
EndProject
Project("{FAE04EC0-301F-11D3-BF4B-00C04F79EFBC}") = "Ex03", "Ex03\Ex03.csproj", "{52A463CC-FC56-4C46-A848-2C1E9576209A}"
EndProject
Project("{FAE04EC0-301F-11D3-BF4B-00C04F79EFBC}") = "Ex04", "Ex04\Ex04.csproj", "{EB0F1943-7F20-46D0-844B-FC5BD3A3C61B}"
EndProject
Project("{FAE04EC0-301F-11D3-BF4B-00C04F79EFBC}") = "Ex05", "Ex05\Ex05.csproj", "{44A89E28-E56E-4142-9EE5-223FA812BD8A}"
EndProject
Project("{FAE04EC0-301F-11D3-BF4B-00C04F79EFBC}") = "Ex06", "Ex06\Ex06.csproj", "{67AAE28A-C825-4B6F-B236-90A7893D28E2}"
EndProject
Project("{FAE04EC0-301F-11D3-BF4B-00C04F79EFBC}") = "Ex07", "Ex07\Ex07.csproj", "{C2D87137-536A-4576-9E2E-90FA7370D5B2}"
EndProject
Project("{FAE04EC0-301F-11D3-BF4B-00C04F79EFBC}") = "Ex08", "Ex08\Ex08.csproj", "{E4C581C8-C2D5-4BA2-809A-7F3BCA8FE0AC}"
EndProject
Project("{FAE04EC0-301F-11D3-BF4B-00C04F79EFBC}") = "Ex09", "Ex09\Ex09.csproj", "{825F05C8-6DF6-4959-B7E4-3BFB863F3757}"
EndProject
Project("{FAE04EC0-301F-11D3-BF4B-00C04F79EFBC}") = "Ex10", "Ex10\Ex10.csproj", "{119C9ED9-ADCD-432E-AE6D-FBABD2DB71BD}"
EndProject
Project("{FAE04EC0-301F-11D3-BF4B-00C04F79EFBC}") = "Ex11", "Ex11\Ex11.csproj", "{F701F0E3-2AF8-4FB1-9A43-748D7FD03B35}"
EndProject
Project("{FAE04EC0-301F-11D3-BF4B-00C04F79EFBC}") = "Ex12", "Ex12\Ex12.csproj", "{991990BD-473A-46F9-8FDC-940444746659}"
EndProject
Project("{FAE04EC0-301F-11D3-BF4B-00C04F79EFBC}") = "Ex15", "Ex15\Ex15.csproj", "{4F7A74D8-1B09-46D0-9870-A1F929389E31}"
EndProject
Project("{FAE04EC0-301F-11D3-BF4B-00C04F79EFBC}") = "Ex13", "Ex13\Ex13.csproj", "{939D1F78-69E9-44B5-A764-5B5B5A82E4C9}"
EndProject
Project("{FAE04EC0-301F-11D3-BF4B-00C04F79EFBC}") = "Ex14", "Ex14\Ex14.csproj", "{FD1678BF-E8FC-49CF-9914-4985739A55D1}"
EndProject
Project("{FAE04EC0-301F-11D3-BF4B-00C04F79EFBC}") = "Ex16", "Ex16\Ex16.csproj", "{AF79DAE9-3A29-41FA-8B8A-A0E72B6FC652}"
EndProject
Project("{FAE04EC0-301F-11D3-BF4B-00C04F79EFBC}") = "Ex17", "Ex17\Ex17.csproj", "{3E78384F-5DC4-4C11-9591-A1B428DA0112}"
EndProject
Project("{FAE04EC0-301F-11D3-BF4B-00C04F79EFBC}") = "Ex18", "Ex18\Ex18.csproj", "{4D007300-8D22-4885-8171-E8E0F238299E}"
EndProject
Global
	GlobalSection(SolutionConfigurationPlatforms) = preSolution
		Debug|Any CPU = Debug|Any CPU
		Release|Any CPU = Release|Any CPU
	EndGlobalSection
	GlobalSection(ProjectConfigurationPlatforms) = postSolution
		{0D415FC0-112F-4113-8EC3-C104AB7E802D}.Debug|Any CPU.ActiveCfg = Debug|Any CPU
		{0D415FC0-112F-4113-8EC3-C104AB7E802D}.Debug|Any CPU.Build.0 = Debug|Any CPU
		{0D415FC0-112F-4113-8EC3-C104AB7E802D}.Release|Any CPU.ActiveCfg = Release|Any CPU
		{0D415FC0-112F-4113-8EC3-C104AB7E802D}.Release|Any CPU.Build.0 = Release|Any CPU
		{2322B353-F952-462F-B46A-41D40DCC07EE}.Debug|Any CPU.ActiveCfg = Debug|Any CPU
		{2322B353-F952-462F-B46A-41D40DCC07EE}.Debug|Any CPU.Build.0 = Debug|Any CPU
		{2322B353-F952-462F-B46A-41D40DCC07EE}.Release|Any CPU.ActiveCfg = Release|Any CPU
		{2322B353-F952-462F-B46A-41D40DCC07EE}.Release|Any CPU.Build.0 = Release|Any CPU
		{52A463CC-FC56-4C46-A848-2C1E9576209A}.Debug|Any CPU.ActiveCfg = Debug|Any CPU
		{52A463CC-FC56-4C46-A848-2C1E9576209A}.Debug|Any CPU.Build.0 = Debug|Any CPU
		{52A463CC-FC56-4C46-A848-2C1E9576209A}.Release|Any CPU.ActiveCfg = Release|Any CPU
		{52A463CC-FC56-4C46-A848-2C1E9576209A}.Release|Any CPU.Build.0 = Release|Any CPU
		{EB0F1943-7F20-46D0-844B-FC5BD3A3C61B}.Debug|Any CPU.ActiveCfg = Debug|Any CPU
		{EB0F1943-7F20-46D0-844B-FC5BD3A3C61B}.Debug|Any CPU.Build.0 = Debug|Any CPU
		{EB0F1943-7F20-46D0-844B-FC5BD3A3C61B}.Release|Any CPU.ActiveCfg = Release|Any CPU
		{EB0F1943-7F20-46D0-844B-FC5BD3A3C61B}.Release|Any CPU.Build.0 = Release|Any CPU
		{44A89E28-E56E-4142-9EE5-223FA812BD8A}.Debug|Any CPU.ActiveCfg = Debug|Any CPU
		{44A89E28-E56E-4142-9EE5-223FA812BD8A}.Debug|Any CPU.Build.0 = Debug|Any CPU
		{44A89E28-E56E-4142-9EE5-223FA812BD8A}.Release|Any CPU.ActiveCfg = Release|Any CPU
		{44A89E28-E56E-4142-9EE5-223FA812BD8A}.Release|Any CPU.Build.0 = Release|Any CPU
		{67AAE28A-C825-4B6F-B236-90A7893D28E2}.Debug|Any CPU.ActiveCfg = Debug|Any CPU
		{67AAE28A-C825-4B6F-B236-90A7893D28E2}.Debug|Any CPU.Build.0 = Debug|Any CPU
		{67AAE28A-C825-4B6F-B236-90A7893D28E2}.Release|Any CPU.ActiveCfg = Release|Any CPU
		{67AAE28A-C825-4B6F-B236-90A7893D28E2}.Release|Any CPU.Build.0 = Release|Any CPU
		{C2D87137-536A-4576-9E2E-90FA7370D5B2}.Debug|Any CPU.ActiveCfg = Debug|Any CPU
		{C2D87137-536A-4576-9E2E-90FA7370D5B2}.Debug|Any CPU.Build.0 = Debug|Any CPU
		{C2D87137-536A-4576-9E2E-90FA7370D5B2}.Release|Any CPU.ActiveCfg = Release|Any CPU
		{C2D87137-536A-4576-9E2E-90FA7370D5B2}.Release|Any CPU.Build.0 = Release|Any CPU
		{E4C581C8-C2D5-4BA2-809A-7F3BCA8FE0AC}.Debug|Any CPU.ActiveCfg = Debug|Any CPU
		{E4C581C8-C2D5-4BA2-809A-7F3BCA8FE0AC}.Debug|Any CPU.Build.0 = Debug|Any CPU
		{E4C581C8-C2D5-4BA2-809A-7F3BCA8FE0AC}.Release|Any CPU.ActiveCfg = Release|Any CPU
		{E4C581C8-C2D5-4BA2-809A-7F3BCA8FE0AC}.Release|Any CPU.Build.0 = Release|Any CPU
		{825F05C8-6DF6-4959-B7E4-3BFB863F3757}.Debug|Any CPU.ActiveCfg = Debug|Any CPU
		{825F05C8-6DF6-4959-B7E4-3BFB863F3757}.Debug|Any CPU.Build.0 = Debug|Any CPU
		{825F05C8-6DF6-4959-B7E4-3BFB863F3757}.Release|Any CPU.ActiveCfg = Release|Any CPU
		{825F05C8-6DF6-4959-B7E4-3BFB863F3757}.Release|Any CPU.Build.0 = Release|Any CPU
		{119C9ED9-ADCD-432E-AE6D-FBABD2DB71BD}.Debug|Any CPU.ActiveCfg = Debug|Any CPU
		{119C9ED9-ADCD-432E-AE6D-FBABD2DB71BD}.Debug|Any CPU.Build.0 = Debug|Any CPU
		{119C9ED9-ADCD-432E-AE6D-FBABD2DB71BD}.Release|Any CPU.ActiveCfg = Release|Any CPU
		{119C9ED9-ADCD-432E-AE6D-FBABD2DB71BD}.Release|Any CPU.Build.0 = Release|Any CPU
		{F701F0E3-2AF8-4FB1-9A43-748D7FD03B35}.Debug|Any CPU.ActiveCfg = Debug|Any CPU
		{F701F0E3-2AF8-4FB1-9A43-748D7FD03B35}.Debug|Any CPU.Build.0 = Debug|Any CPU
		{F701F0E3-2AF8-4FB1-9A43-748D7FD03B35}.Release|Any CPU.ActiveCfg = Release|Any CPU
		{F701F0E3-2AF8-4FB1-9A43-748D7FD03B35}.Release|Any CPU.Build.0 = Release|Any CPU
		{991990BD-473A-46F9-8FDC-940444746659}.Debug|Any CPU.ActiveCfg = Debug|Any CPU
		{991990BD-473A-46F9-8FDC-940444746659}.Debug|Any CPU.Build.0 = Debug|Any CPU
		{991990BD-473A-46F9-8FDC-940444746659}.Release|Any CPU.ActiveCfg = Release|Any CPU
		{991990BD-473A-46F9-8FDC-940444746659}.Release|Any CPU.Build.0 = Release|Any CPU
		{4F7A74D8-1B09-46D0-9870-A1F929389E31}.Debug|Any CPU.ActiveCfg = Debug|Any CPU
		{4F7A74D8-1B09-46D0-9870-A1F929389E31}.Debug|Any CPU.Build.0 = Debug|Any CPU
		{4F7A74D8-1B09-46D0-9870-A1F929389E31}.Release|Any CPU.ActiveCfg = Release|Any CPU
		{4F7A74D8-1B09-46D0-9870-A1F929389E31}.Release|Any CPU.Build.0 = Release|Any CPU
		{939D1F78-69E9-44B5-A764-5B5B5A82E4C9}.Debug|Any CPU.ActiveCfg = Debug|Any CPU
		{939D1F78-69E9-44B5-A764-5B5B5A82E4C9}.Debug|Any CPU.Build.0 = Debug|Any CPU
		{939D1F78-69E9-44B5-A764-5B5B5A82E4C9}.Release|Any CPU.ActiveCfg = Release|Any CPU
		{939D1F78-69E9-44B5-A764-5B5B5A82E4C9}.Release|Any CPU.Build.0 = Release|Any CPU
		{FD1678BF-E8FC-49CF-9914-4985739A55D1}.Debug|Any CPU.ActiveCfg = Debug|Any CPU
		{FD1678BF-E8FC-49CF-9914-4985739A55D1}.Debug|Any CPU.Build.0 = Debug|Any CPU
		{FD1678BF-E8FC-49CF-9914-4985739A55D1}.Release|Any CPU.ActiveCfg = Release|Any CPU
		{FD1678BF-E8FC-49CF-9914-4985739A55D1}.Release|Any CPU.Build.0 = Release|Any CPU
		{AF79DAE9-3A29-41FA-8B8A-A0E72B6FC652}.Debug|Any CPU.ActiveCfg = Debug|Any CPU
		{AF79DAE9-3A29-41FA-8B8A-A0E72B6FC652}.Debug|Any CPU.Build.0 = Debug|Any CPU
		{AF79DAE9-3A29-41FA-8B8A-A0E72B6FC652}.Release|Any CPU.ActiveCfg = Release|Any CPU
		{AF79DAE9-3A29-41FA-8B8A-A0E72B6FC652}.Release|Any CPU.Build.0 = Release|Any CPU
		{3E78384F-5DC4-4C11-9591-A1B428DA0112}.Debug|Any CPU.ActiveCfg = Debug|Any CPU
		{3E78384F-5DC4-4C11-9591-A1B428DA0112}.Debug|Any CPU.Build.0 = Debug|Any CPU
		{3E78384F-5DC4-4C11-9591-A1B428DA0112}.Release|Any CPU.ActiveCfg = Release|Any CPU
		{3E78384F-5DC4-4C11-9591-A1B428DA0112}.Release|Any CPU.Build.0 = Release|Any CPU
		{4D007300-8D22-4885-8171-E8E0F238299E}.Debug|Any CPU.ActiveCfg = Debug|Any CPU
		{4D007300-8D22-4885-8171-E8E0F238299E}.Debug|Any CPU.Build.0 = Debug|Any CPU
		{4D007300-8D22-4885-8171-E8E0F238299E}.Release|Any CPU.ActiveCfg = Release|Any CPU
		{4D007300-8D22-4885-8171-E8E0F238299E}.Release|Any CPU.Build.0 = Release|Any CPU
	EndGlobalSection
	GlobalSection(SolutionProperties) = preSolution
		HideSolutionNode = FALSE
	EndGlobalSection
	GlobalSection(ExtensibilityGlobals) = postSolution
		SolutionGuid = {E582998A-9FCF-41F5-B4A7-59287EAF0557}
	EndGlobalSection
EndGlobal
