
Microsoft Visual Studio Solution File, Format Version 12.00
# Visual Studio Version 17
VisualStudioVersion = 17.14.36429.23 d17.14
MinimumVisualStudioVersion = 10.0.40219.1
Project("{FAE04EC0-301F-11D3-BF4B-00C04F79EFBC}") = "M05", "M05\M05.csproj", "{7B798FAB-8C4D-4AD0-B238-6E3CA1A450C9}"
EndProject
Global
	GlobalSection(SolutionConfigurationPlatforms) = preSolution
		Debug|Any CPU = Debug|Any CPU
		Release|Any CPU = Release|Any CPU
	EndGlobalSection
	GlobalSection(ProjectConfigurationPlatforms) = postSolution
		{7B798FAB-8C4D-4AD0-B238-6E3CA1A450C9}.Debug|Any CPU.ActiveCfg = Debug|Any CPU
		{7B798FAB-8C4D-4AD0-B238-6E3CA1A450C9}.Debug|Any CPU.Build.0 = Debug|Any CPU
		{7B798FAB-8C4D-4AD0-B238-6E3CA1A450C9}.Release|Any CPU.ActiveCfg = Release|Any CPU
		{7B798FAB-8C4D-4AD0-B238-6E3CA1A450C9}.Release|Any CPU.Build.0 = Release|Any CPU
	EndGlobalSection
	GlobalSection(SolutionProperties) = preSolution
		HideSolutionNode = FALSE
	EndGlobalSection
	GlobalSection(ExtensibilityGlobals) = postSolution
		SolutionGuid = {0C789C44-3779-495F-B0BC-1D5717C10321}
	EndGlobalSection
EndGlobal
