
Microsoft Visual Studio Solution File, Format Version 12.00
# Visual Studio Version 17
VisualStudioVersion = 17.14.36429.23
MinimumVisualStudioVersion = 10.0.40219.1
Project("{FAE04EC0-301F-11D3-BF4B-00C04F79EFBC}") = "Ex01", "Ex01\Ex01.csproj", "{5B0BE60E-5A6B-4366-B502-F07850BBF2AA}"
EndProject
Project("{FAE04EC0-301F-11D3-BF4B-00C04F79EFBC}") = "Ex02", "Ex02\Ex02.csproj", "{2EAA57F9-1AD9-4E4E-ADB0-FF19637DB33F}"
EndProject
Project("{FAE04EC0-301F-11D3-BF4B-00C04F79EFBC}") = "Ex03", "Ex03\Ex03.csproj", "{297260F8-0821-49D1-A7E2-2EE16FDA4CF7}"
EndProject
Project("{FAE04EC0-301F-11D3-BF4B-00C04F79EFBC}") = "Ex04", "Ex04\Ex04.csproj", "{AF3DC362-15E3-4844-8B5F-8477FFEFBF6A}"
EndProject
Project("{FAE04EC0-301F-11D3-BF4B-00C04F79EFBC}") = "Ex05", "Ex05\Ex05.csproj", "{3AB8BA36-3E5C-43B5-B937-04325B7C3606}"
EndProject
Project("{FAE04EC0-301F-11D3-BF4B-00C04F79EFBC}") = "Ex06", "Ex06\Ex06.csproj", "{9671BEAF-138E-4DFB-9117-1F1D808989E5}"
EndProject
Project("{FAE04EC0-301F-11D3-BF4B-00C04F79EFBC}") = "Ex07", "Ex07\Ex07.csproj", "{7A4B0DFE-ECCD-408B-8A33-C1C1ED65B3FD}"
EndProject
Project("{FAE04EC0-301F-11D3-BF4B-00C04F79EFBC}") = "Ex08", "Ex08\Ex08.csproj", "{B05A8C8D-3F1E-4624-95E2-D63727897607}"
EndProject
Project("{FAE04EC0-301F-11D3-BF4B-00C04F79EFBC}") = "Ex09", "Ex09\Ex09.csproj", "{B05B9C35-EEB6-42C6-BF42-CF988AAF859C}"
EndProject
Project("{FAE04EC0-301F-11D3-BF4B-00C04F79EFBC}") = "Ex10", "Ex10\Ex10.csproj", "{9E1F0BA0-594C-4251-A0A1-9564FA5EE126}"
EndProject
Project("{FAE04EC0-301F-11D3-BF4B-00C04F79EFBC}") = "Ex11", "Ex11\Ex11.csproj", "{25025C47-7F14-4680-B79B-DB7F98364B55}"
EndProject
Project("{FAE04EC0-301F-11D3-BF4B-00C04F79EFBC}") = "Ex12", "Ex12\Ex12.csproj", "{9D3DD0CB-2D00-47B2-B38B-1689EDDDDE62}"
EndProject
Project("{FAE04EC0-301F-11D3-BF4B-00C04F79EFBC}") = "Ex13", "Ex13\Ex13.csproj", "{96000650-6A50-4AF3-AF7E-34848652137B}"
EndProject
Project("{FAE04EC0-301F-11D3-BF4B-00C04F79EFBC}") = "Ex14", "Ex14\Ex14.csproj", "{054D3CF0-3ECC-4577-89BB-464EA6A7C31D}"
EndProject
Global
	GlobalSection(SolutionConfigurationPlatforms) = preSolution
		Debug|Any CPU = Debug|Any CPU
		Debug|x64 = Debug|x64
		Debug|x86 = Debug|x86
		Release|Any CPU = Release|Any CPU
		Release|x64 = Release|x64
		Release|x86 = Release|x86
	EndGlobalSection
	GlobalSection(ProjectConfigurationPlatforms) = postSolution
		{5B0BE60E-5A6B-4366-B502-F07850BBF2AA}.Debug|Any CPU.ActiveCfg = Debug|Any CPU
		{5B0BE60E-5A6B-4366-B502-F07850BBF2AA}.Debug|Any CPU.Build.0 = Debug|Any CPU
		{5B0BE60E-5A6B-4366-B502-F07850BBF2AA}.Debug|x64.ActiveCfg = Debug|Any CPU
		{5B0BE60E-5A6B-4366-B502-F07850BBF2AA}.Debug|x64.Build.0 = Debug|Any CPU
		{5B0BE60E-5A6B-4366-B502-F07850BBF2AA}.Debug|x86.ActiveCfg = Debug|Any CPU
		{5B0BE60E-5A6B-4366-B502-F07850BBF2AA}.Debug|x86.Build.0 = Debug|Any CPU
		{5B0BE60E-5A6B-4366-B502-F07850BBF2AA}.Release|Any CPU.ActiveCfg = Release|Any CPU
		{5B0BE60E-5A6B-4366-B502-F07850BBF2AA}.Release|Any CPU.Build.0 = Release|Any CPU
		{5B0BE60E-5A6B-4366-B502-F07850BBF2AA}.Release|x64.ActiveCfg = Release|Any CPU
		{5B0BE60E-5A6B-4366-B502-F07850BBF2AA}.Release|x64.Build.0 = Release|Any CPU
		{5B0BE60E-5A6B-4366-B502-F07850BBF2AA}.Release|x86.ActiveCfg = Release|Any CPU
		{5B0BE60E-5A6B-4366-B502-F07850BBF2AA}.Release|x86.Build.0 = Release|Any CPU
		{2EAA57F9-1AD9-4E4E-ADB0-FF19637DB33F}.Debug|Any CPU.ActiveCfg = Debug|Any CPU
		{2EAA57F9-1AD9-4E4E-ADB0-FF19637DB33F}.Debug|Any CPU.Build.0 = Debug|Any CPU
		{2EAA57F9-1AD9-4E4E-ADB0-FF19637DB33F}.Debug|x64.ActiveCfg = Debug|Any CPU
		{2EAA57F9-1AD9-4E4E-ADB0-FF19637DB33F}.Debug|x64.Build.0 = Debug|Any CPU
		{2EAA57F9-1AD9-4E4E-ADB0-FF19637DB33F}.Debug|x86.ActiveCfg = Debug|Any CPU
		{2EAA57F9-1AD9-4E4E-ADB0-FF19637DB33F}.Debug|x86.Build.0 = Debug|Any CPU
		{2EAA57F9-1AD9-4E4E-ADB0-FF19637DB33F}.Release|Any CPU.ActiveCfg = Release|Any CPU
		{2EAA57F9-1AD9-4E4E-ADB0-FF19637DB33F}.Release|Any CPU.Build.0 = Release|Any CPU
		{2EAA57F9-1AD9-4E4E-ADB0-FF19637DB33F}.Release|x64.ActiveCfg = Release|Any CPU
		{2EAA57F9-1AD9-4E4E-ADB0-FF19637DB33F}.Release|x64.Build.0 = Release|Any CPU
		{2EAA57F9-1AD9-4E4E-ADB0-FF19637DB33F}.Release|x86.ActiveCfg = Release|Any CPU
		{2EAA57F9-1AD9-4E4E-ADB0-FF19637DB33F}.Release|x86.Build.0 = Release|Any CPU
		{297260F8-0821-49D1-A7E2-2EE16FDA4CF7}.Debug|Any CPU.ActiveCfg = Debug|Any CPU
		{297260F8-0821-49D1-A7E2-2EE16FDA4CF7}.Debug|Any CPU.Build.0 = Debug|Any CPU
		{297260F8-0821-49D1-A7E2-2EE16FDA4CF7}.Debug|x64.ActiveCfg = Debug|Any CPU
		{297260F8-0821-49D1-A7E2-2EE16FDA4CF7}.Debug|x64.Build.0 = Debug|Any CPU
		{297260F8-0821-49D1-A7E2-2EE16FDA4CF7}.Debug|x86.ActiveCfg = Debug|Any CPU
		{297260F8-0821-49D1-A7E2-2EE16FDA4CF7}.Debug|x86.Build.0 = Debug|Any CPU
		{297260F8-0821-49D1-A7E2-2EE16FDA4CF7}.Release|Any CPU.ActiveCfg = Release|Any CPU
		{297260F8-0821-49D1-A7E2-2EE16FDA4CF7}.Release|Any CPU.Build.0 = Release|Any CPU
		{297260F8-0821-49D1-A7E2-2EE16FDA4CF7}.Release|x64.ActiveCfg = Release|Any CPU
		{297260F8-0821-49D1-A7E2-2EE16FDA4CF7}.Release|x64.Build.0 = Release|Any CPU
		{297260F8-0821-49D1-A7E2-2EE16FDA4CF7}.Release|x86.ActiveCfg = Release|Any CPU
		{297260F8-0821-49D1-A7E2-2EE16FDA4CF7}.Release|x86.Build.0 = Release|Any CPU
		{AF3DC362-15E3-4844-8B5F-8477FFEFBF6A}.Debug|Any CPU.ActiveCfg = Debug|Any CPU
		{AF3DC362-15E3-4844-8B5F-8477FFEFBF6A}.Debug|Any CPU.Build.0 = Debug|Any CPU
		{AF3DC362-15E3-4844-8B5F-8477FFEFBF6A}.Debug|x64.ActiveCfg = Debug|Any CPU
		{AF3DC362-15E3-4844-8B5F-8477FFEFBF6A}.Debug|x64.Build.0 = Debug|Any CPU
		{AF3DC362-15E3-4844-8B5F-8477FFEFBF6A}.Debug|x86.ActiveCfg = Debug|Any CPU
		{AF3DC362-15E3-4844-8B5F-8477FFEFBF6A}.Debug|x86.Build.0 = Debug|Any CPU
		{AF3DC362-15E3-4844-8B5F-8477FFEFBF6A}.Release|Any CPU.ActiveCfg = Release|Any CPU
		{AF3DC362-15E3-4844-8B5F-8477FFEFBF6A}.Release|Any CPU.Build.0 = Release|Any CPU
		{AF3DC362-15E3-4844-8B5F-8477FFEFBF6A}.Release|x64.ActiveCfg = Release|Any CPU
		{AF3DC362-15E3-4844-8B5F-8477FFEFBF6A}.Release|x64.Build.0 = Release|Any CPU
		{AF3DC362-15E3-4844-8B5F-8477FFEFBF6A}.Release|x86.ActiveCfg = Release|Any CPU
		{AF3DC362-15E3-4844-8B5F-8477FFEFBF6A}.Release|x86.Build.0 = Release|Any CPU
		{3AB8BA36-3E5C-43B5-B937-04325B7C3606}.Debug|Any CPU.ActiveCfg = Debug|Any CPU
		{3AB8BA36-3E5C-43B5-B937-04325B7C3606}.Debug|Any CPU.Build.0 = Debug|Any CPU
		{3AB8BA36-3E5C-43B5-B937-04325B7C3606}.Debug|x64.ActiveCfg = Debug|Any CPU
		{3AB8BA36-3E5C-43B5-B937-04325B7C3606}.Debug|x64.Build.0 = Debug|Any CPU
		{3AB8BA36-3E5C-43B5-B937-04325B7C3606}.Debug|x86.ActiveCfg = Debug|Any CPU
		{3AB8BA36-3E5C-43B5-B937-04325B7C3606}.Debug|x86.Build.0 = Debug|Any CPU
		{3AB8BA36-3E5C-43B5-B937-04325B7C3606}.Release|Any CPU.ActiveCfg = Release|Any CPU
		{3AB8BA36-3E5C-43B5-B937-04325B7C3606}.Release|Any CPU.Build.0 = Release|Any CPU
		{3AB8BA36-3E5C-43B5-B937-04325B7C3606}.Release|x64.ActiveCfg = Release|Any CPU
		{3AB8BA36-3E5C-43B5-B937-04325B7C3606}.Release|x64.Build.0 = Release|Any CPU
		{3AB8BA36-3E5C-43B5-B937-04325B7C3606}.Release|x86.ActiveCfg = Release|Any CPU
		{3AB8BA36-3E5C-43B5-B937-04325B7C3606}.Release|x86.Build.0 = Release|Any CPU
		{9671BEAF-138E-4DFB-9117-1F1D808989E5}.Debug|Any CPU.ActiveCfg = Debug|Any CPU
		{9671BEAF-138E-4DFB-9117-1F1D808989E5}.Debug|Any CPU.Build.0 = Debug|Any CPU
		{9671BEAF-138E-4DFB-9117-1F1D808989E5}.Debug|x64.ActiveCfg = Debug|Any CPU
		{9671BEAF-138E-4DFB-9117-1F1D808989E5}.Debug|x64.Build.0 = Debug|Any CPU
		{9671BEAF-138E-4DFB-9117-1F1D808989E5}.Debug|x86.ActiveCfg = Debug|Any CPU
		{9671BEAF-138E-4DFB-9117-1F1D808989E5}.Debug|x86.Build.0 = Debug|Any CPU
		{9671BEAF-138E-4DFB-9117-1F1D808989E5}.Release|Any CPU.ActiveCfg = Release|Any CPU
		{9671BEAF-138E-4DFB-9117-1F1D808989E5}.Release|Any CPU.Build.0 = Release|Any CPU
		{9671BEAF-138E-4DFB-9117-1F1D808989E5}.Release|x64.ActiveCfg = Release|Any CPU
		{9671BEAF-138E-4DFB-9117-1F1D808989E5}.Release|x64.Build.0 = Release|Any CPU
		{9671BEAF-138E-4DFB-9117-1F1D808989E5}.Release|x86.ActiveCfg = Release|Any CPU
		{9671BEAF-138E-4DFB-9117-1F1D808989E5}.Release|x86.Build.0 = Release|Any CPU
		{7A4B0DFE-ECCD-408B-8A33-C1C1ED65B3FD}.Debug|Any CPU.ActiveCfg = Debug|Any CPU
		{7A4B0DFE-ECCD-408B-8A33-C1C1ED65B3FD}.Debug|Any CPU.Build.0 = Debug|Any CPU
		{7A4B0DFE-ECCD-408B-8A33-C1C1ED65B3FD}.Debug|x64.ActiveCfg = Debug|Any CPU
		{7A4B0DFE-ECCD-408B-8A33-C1C1ED65B3FD}.Debug|x64.Build.0 = Debug|Any CPU
		{7A4B0DFE-ECCD-408B-8A33-C1C1ED65B3FD}.Debug|x86.ActiveCfg = Debug|Any CPU
		{7A4B0DFE-ECCD-408B-8A33-C1C1ED65B3FD}.Debug|x86.Build.0 = Debug|Any CPU
		{7A4B0DFE-ECCD-408B-8A33-C1C1ED65B3FD}.Release|Any CPU.ActiveCfg = Release|Any CPU
		{7A4B0DFE-ECCD-408B-8A33-C1C1ED65B3FD}.Release|Any CPU.Build.0 = Release|Any CPU
		{7A4B0DFE-ECCD-408B-8A33-C1C1ED65B3FD}.Release|x64.ActiveCfg = Release|Any CPU
		{7A4B0DFE-ECCD-408B-8A33-C1C1ED65B3FD}.Release|x64.Build.0 = Release|Any CPU
		{7A4B0DFE-ECCD-408B-8A33-C1C1ED65B3FD}.Release|x86.ActiveCfg = Release|Any CPU
		{7A4B0DFE-ECCD-408B-8A33-C1C1ED65B3FD}.Release|x86.Build.0 = Release|Any CPU
		{B05A8C8D-3F1E-4624-95E2-D63727897607}.Debug|Any CPU.ActiveCfg = Debug|Any CPU
		{B05A8C8D-3F1E-4624-95E2-D63727897607}.Debug|Any CPU.Build.0 = Debug|Any CPU
		{B05A8C8D-3F1E-4624-95E2-D63727897607}.Debug|x64.ActiveCfg = Debug|Any CPU
		{B05A8C8D-3F1E-4624-95E2-D63727897607}.Debug|x64.Build.0 = Debug|Any CPU
		{B05A8C8D-3F1E-4624-95E2-D63727897607}.Debug|x86.ActiveCfg = Debug|Any CPU
		{B05A8C8D-3F1E-4624-95E2-D63727897607}.Debug|x86.Build.0 = Debug|Any CPU
		{B05A8C8D-3F1E-4624-95E2-D63727897607}.Release|Any CPU.ActiveCfg = Release|Any CPU
		{B05A8C8D-3F1E-4624-95E2-D63727897607}.Release|Any CPU.Build.0 = Release|Any CPU
		{B05A8C8D-3F1E-4624-95E2-D63727897607}.Release|x64.ActiveCfg = Release|Any CPU
		{B05A8C8D-3F1E-4624-95E2-D63727897607}.Release|x64.Build.0 = Release|Any CPU
		{B05A8C8D-3F1E-4624-95E2-D63727897607}.Release|x86.ActiveCfg = Release|Any CPU
		{B05A8C8D-3F1E-4624-95E2-D63727897607}.Release|x86.Build.0 = Release|Any CPU
		{B05B9C35-EEB6-42C6-BF42-CF988AAF859C}.Debug|Any CPU.ActiveCfg = Debug|Any CPU
		{B05B9C35-EEB6-42C6-BF42-CF988AAF859C}.Debug|Any CPU.Build.0 = Debug|Any CPU
		{B05B9C35-EEB6-42C6-BF42-CF988AAF859C}.Debug|x64.ActiveCfg = Debug|Any CPU
		{B05B9C35-EEB6-42C6-BF42-CF988AAF859C}.Debug|x64.Build.0 = Debug|Any CPU
		{B05B9C35-EEB6-42C6-BF42-CF988AAF859C}.Debug|x86.ActiveCfg = Debug|Any CPU
		{B05B9C35-EEB6-42C6-BF42-CF988AAF859C}.Debug|x86.Build.0 = Debug|Any CPU
		{B05B9C35-EEB6-42C6-BF42-CF988AAF859C}.Release|Any CPU.ActiveCfg = Release|Any CPU
		{B05B9C35-EEB6-42C6-BF42-CF988AAF859C}.Release|Any CPU.Build.0 = Release|Any CPU
		{B05B9C35-EEB6-42C6-BF42-CF988AAF859C}.Release|x64.ActiveCfg = Release|Any CPU
		{B05B9C35-EEB6-42C6-BF42-CF988AAF859C}.Release|x64.Build.0 = Release|Any CPU
		{B05B9C35-EEB6-42C6-BF42-CF988AAF859C}.Release|x86.ActiveCfg = Release|Any CPU
		{B05B9C35-EEB6-42C6-BF42-CF988AAF859C}.Release|x86.Build.0 = Release|Any CPU
		{9E1F0BA0-594C-4251-A0A1-9564FA5EE126}.Debug|Any CPU.ActiveCfg = Debug|Any CPU
		{9E1F0BA0-594C-4251-A0A1-9564FA5EE126}.Debug|Any CPU.Build.0 = Debug|Any CPU
		{9E1F0BA0-594C-4251-A0A1-9564FA5EE126}.Debug|x64.ActiveCfg = Debug|Any CPU
		{9E1F0BA0-594C-4251-A0A1-9564FA5EE126}.Debug|x64.Build.0 = Debug|Any CPU
		{9E1F0BA0-594C-4251-A0A1-9564FA5EE126}.Debug|x86.ActiveCfg = Debug|Any CPU
		{9E1F0BA0-594C-4251-A0A1-9564FA5EE126}.Debug|x86.Build.0 = Debug|Any CPU
		{9E1F0BA0-594C-4251-A0A1-9564FA5EE126}.Release|Any CPU.ActiveCfg = Release|Any CPU
		{9E1F0BA0-594C-4251-A0A1-9564FA5EE126}.Release|Any CPU.Build.0 = Release|Any CPU
		{9E1F0BA0-594C-4251-A0A1-9564FA5EE126}.Release|x64.ActiveCfg = Release|Any CPU
		{9E1F0BA0-594C-4251-A0A1-9564FA5EE126}.Release|x64.Build.0 = Release|Any CPU
		{9E1F0BA0-594C-4251-A0A1-9564FA5EE126}.Release|x86.ActiveCfg = Release|Any CPU
		{9E1F0BA0-594C-4251-A0A1-9564FA5EE126}.Release|x86.Build.0 = Release|Any CPU
		{25025C47-7F14-4680-B79B-DB7F98364B55}.Debug|Any CPU.ActiveCfg = Debug|Any CPU
		{25025C47-7F14-4680-B79B-DB7F98364B55}.Debug|Any CPU.Build.0 = Debug|Any CPU
		{25025C47-7F14-4680-B79B-DB7F98364B55}.Debug|x64.ActiveCfg = Debug|Any CPU
		{25025C47-7F14-4680-B79B-DB7F98364B55}.Debug|x64.Build.0 = Debug|Any CPU
		{25025C47-7F14-4680-B79B-DB7F98364B55}.Debug|x86.ActiveCfg = Debug|Any CPU
		{25025C47-7F14-4680-B79B-DB7F98364B55}.Debug|x86.Build.0 = Debug|Any CPU
		{25025C47-7F14-4680-B79B-DB7F98364B55}.Release|Any CPU.ActiveCfg = Release|Any CPU
		{25025C47-7F14-4680-B79B-DB7F98364B55}.Release|Any CPU.Build.0 = Release|Any CPU
		{25025C47-7F14-4680-B79B-DB7F98364B55}.Release|x64.ActiveCfg = Release|Any CPU
		{25025C47-7F14-4680-B79B-DB7F98364B55}.Release|x64.Build.0 = Release|Any CPU
		{25025C47-7F14-4680-B79B-DB7F98364B55}.Release|x86.ActiveCfg = Release|Any CPU
		{25025C47-7F14-4680-B79B-DB7F98364B55}.Release|x86.Build.0 = Release|Any CPU
		{9D3DD0CB-2D00-47B2-B38B-1689EDDDDE62}.Debug|Any CPU.ActiveCfg = Debug|Any CPU
		{9D3DD0CB-2D00-47B2-B38B-1689EDDDDE62}.Debug|Any CPU.Build.0 = Debug|Any CPU
		{9D3DD0CB-2D00-47B2-B38B-1689EDDDDE62}.Debug|x64.ActiveCfg = Debug|Any CPU
		{9D3DD0CB-2D00-47B2-B38B-1689EDDDDE62}.Debug|x64.Build.0 = Debug|Any CPU
		{9D3DD0CB-2D00-47B2-B38B-1689EDDDDE62}.Debug|x86.ActiveCfg = Debug|Any CPU
		{9D3DD0CB-2D00-47B2-B38B-1689EDDDDE62}.Debug|x86.Build.0 = Debug|Any CPU
		{9D3DD0CB-2D00-47B2-B38B-1689EDDDDE62}.Release|Any CPU.ActiveCfg = Release|Any CPU
		{9D3DD0CB-2D00-47B2-B38B-1689EDDDDE62}.Release|Any CPU.Build.0 = Release|Any CPU
		{9D3DD0CB-2D00-47B2-B38B-1689EDDDDE62}.Release|x64.ActiveCfg = Release|Any CPU
		{9D3DD0CB-2D00-47B2-B38B-1689EDDDDE62}.Release|x64.Build.0 = Release|Any CPU
		{9D3DD0CB-2D00-47B2-B38B-1689EDDDDE62}.Release|x86.ActiveCfg = Release|Any CPU
		{9D3DD0CB-2D00-47B2-B38B-1689EDDDDE62}.Release|x86.Build.0 = Release|Any CPU
		{96000650-6A50-4AF3-AF7E-34848652137B}.Debug|Any CPU.ActiveCfg = Debug|Any CPU
		{96000650-6A50-4AF3-AF7E-34848652137B}.Debug|Any CPU.Build.0 = Debug|Any CPU
		{96000650-6A50-4AF3-AF7E-34848652137B}.Debug|x64.ActiveCfg = Debug|Any CPU
		{96000650-6A50-4AF3-AF7E-34848652137B}.Debug|x64.Build.0 = Debug|Any CPU
		{96000650-6A50-4AF3-AF7E-34848652137B}.Debug|x86.ActiveCfg = Debug|Any CPU
		{96000650-6A50-4AF3-AF7E-34848652137B}.Debug|x86.Build.0 = Debug|Any CPU
		{96000650-6A50-4AF3-AF7E-34848652137B}.Release|Any CPU.ActiveCfg = Release|Any CPU
		{96000650-6A50-4AF3-AF7E-34848652137B}.Release|Any CPU.Build.0 = Release|Any CPU
		{96000650-6A50-4AF3-AF7E-34848652137B}.Release|x64.ActiveCfg = Release|Any CPU
		{96000650-6A50-4AF3-AF7E-34848652137B}.Release|x64.Build.0 = Release|Any CPU
		{96000650-6A50-4AF3-AF7E-34848652137B}.Release|x86.ActiveCfg = Release|Any CPU
		{96000650-6A50-4AF3-AF7E-34848652137B}.Release|x86.Build.0 = Release|Any CPU
		{054D3CF0-3ECC-4577-89BB-464EA6A7C31D}.Debug|Any CPU.ActiveCfg = Debug|Any CPU
		{054D3CF0-3ECC-4577-89BB-464EA6A7C31D}.Debug|Any CPU.Build.0 = Debug|Any CPU
		{054D3CF0-3ECC-4577-89BB-464EA6A7C31D}.Debug|x64.ActiveCfg = Debug|Any CPU
		{054D3CF0-3ECC-4577-89BB-464EA6A7C31D}.Debug|x64.Build.0 = Debug|Any CPU
		{054D3CF0-3ECC-4577-89BB-464EA6A7C31D}.Debug|x86.ActiveCfg = Debug|Any CPU
		{054D3CF0-3ECC-4577-89BB-464EA6A7C31D}.Debug|x86.Build.0 = Debug|Any CPU
		{054D3CF0-3ECC-4577-89BB-464EA6A7C31D}.Release|Any CPU.ActiveCfg = Release|Any CPU
		{054D3CF0-3ECC-4577-89BB-464EA6A7C31D}.Release|Any CPU.Build.0 = Release|Any CPU
		{054D3CF0-3ECC-4577-89BB-464EA6A7C31D}.Release|x64.ActiveCfg = Release|Any CPU
		{054D3CF0-3ECC-4577-89BB-464EA6A7C31D}.Release|x64.Build.0 = Release|Any CPU
		{054D3CF0-3ECC-4577-89BB-464EA6A7C31D}.Release|x86.ActiveCfg = Release|Any CPU
		{054D3CF0-3ECC-4577-89BB-464EA6A7C31D}.Release|x86.Build.0 = Release|Any CPU
	EndGlobalSection
	GlobalSection(SolutionProperties) = preSolution
		HideSolutionNode = FALSE
	EndGlobalSection
	GlobalSection(ExtensibilityGlobals) = postSolution
		SolutionGuid = {E5E18E96-2CB7-43AC-B689-DB0682F7BA3B}
	EndGlobalSection
EndGlobal
